
Microsoft Visual Studio Solution File, Format Version 12.00
# Visual Studio Version 17
VisualStudioVersion = 17.1.32210.238
MinimumVisualStudioVersion = 10.0.40219.1
Project("{9A19103F-16F7-4668-BE54-9A1E7A4F7556}") = "UltraMapper.Json", "UltraMapper.Json\UltraMapper.Json.csproj", "{FBF2963D-A7CA-43D8-8246-305D530EAAE6}"
EndProject
Project("{9A19103F-16F7-4668-BE54-9A1E7A4F7556}") = "UltraMapper.Json.Benchmarks", "UltraMapper.Json.Benchmarks\UltraMapper.Json.Benchmarks.csproj", "{23EB7E96-70F4-4E5E-AE1A-F381B1320606}"
EndProject
Project("{FAE04EC0-301F-11D3-BF4B-00C04F79EFBC}") = "UltraMapper.Json.Tests", "UltraMapper.Json.Tests\UltraMapper.Json.Tests.csproj", "{238AD7F8-E880-4DF9-8310-78A479E2A5A9}"
EndProject
Global
	GlobalSection(SolutionConfigurationPlatforms) = preSolution
		Debug|Any CPU = Debug|Any CPU
		Release|Any CPU = Release|Any CPU
	EndGlobalSection
	GlobalSection(ProjectConfigurationPlatforms) = postSolution
		{FBF2963D-A7CA-43D8-8246-305D530EAAE6}.Debug|Any CPU.ActiveCfg = Debug|Any CPU
		{FBF2963D-A7CA-43D8-8246-305D530EAAE6}.Debug|Any CPU.Build.0 = Debug|Any CPU
		{FBF2963D-A7CA-43D8-8246-305D530EAAE6}.Release|Any CPU.ActiveCfg = Release|Any CPU
		{FBF2963D-A7CA-43D8-8246-305D530EAAE6}.Release|Any CPU.Build.0 = Release|Any CPU
		{23EB7E96-70F4-4E5E-AE1A-F381B1320606}.Debug|Any CPU.ActiveCfg = Debug|Any CPU
		{23EB7E96-70F4-4E5E-AE1A-F381B1320606}.Debug|Any CPU.Build.0 = Debug|Any CPU
		{23EB7E96-70F4-4E5E-AE1A-F381B1320606}.Release|Any CPU.ActiveCfg = Release|Any CPU
		{23EB7E96-70F4-4E5E-AE1A-F381B1320606}.Release|Any CPU.Build.0 = Release|Any CPU
		{238AD7F8-E880-4DF9-8310-78A479E2A5A9}.Debug|Any CPU.ActiveCfg = Debug|Any CPU
		{238AD7F8-E880-4DF9-8310-78A479E2A5A9}.Debug|Any CPU.Build.0 = Debug|Any CPU
		{238AD7F8-E880-4DF9-8310-78A479E2A5A9}.Release|Any CPU.ActiveCfg = Release|Any CPU
		{238AD7F8-E880-4DF9-8310-78A479E2A5A9}.Release|Any CPU.Build.0 = Release|Any CPU
	EndGlobalSection
	GlobalSection(SolutionProperties) = preSolution
		HideSolutionNode = FALSE
	EndGlobalSection
	GlobalSection(ExtensibilityGlobals) = postSolution
		SolutionGuid = {71244735-D492-47BB-8157-F59E5DE6540E}
	EndGlobalSection
EndGlobal
